
Microsoft Visual Studio Solution File, Format Version 12.00
# Visual Studio 14
VisualStudioVersion = 14.0.25123.0
MinimumVisualStudioVersion = 10.0.40219.1
Project("{2150E333-8FDC-42A3-9474-1A3956D46DE8}") = ".nuget", ".nuget", "{03B54AF2-3591-4183-85E1-34079AAA77F3}"
	ProjectSection(SolutionItems) = preProject
		.nuget\NuGet.Config = .nuget\NuGet.Config
		.nuget\NuGet.exe = .nuget\NuGet.exe
		.nuget\NuGet.targets = .nuget\NuGet.targets
	EndProjectSection
EndProject
Project("{FAE04EC0-301F-11D3-BF4B-00C04F79EFBC}") = "Rules", "Rules\Rules.csproj", "{02E7093C-889B-4897-B25C-ECAFA279AE78}"
EndProject
Project("{2150E333-8FDC-42A3-9474-1A3956D46DE8}") = "Suppliers", "Suppliers", "{7C354325-3C38-4B03-959C-5BDCBD09D50D}"
EndProject
Project("{2150E333-8FDC-42A3-9474-1A3956D46DE8}") = "Rules", "Rules", "{5740E67E-96C4-452D-80EC-54B207B374C9}"
EndProject
Project("{FAE04EC0-301F-11D3-BF4B-00C04F79EFBC}") = "Suppliers.Ali", "Suppliers.Ali\Suppliers.Ali.csproj", "{646E4A12-2DE5-4574-B73E-AB6E6548921A}"
EndProject
Project("{2150E333-8FDC-42A3-9474-1A3956D46DE8}") = "AliExpress", "AliExpress", "{6DFDB228-E8C6-4EAA-98E7-6C73AF3C9010}"
EndProject
Project("{2150E333-8FDC-42A3-9474-1A3956D46DE8}") = "Helper", "Helper", "{3A6833FB-2B12-4068-9FA7-3BDDA95C1127}"
EndProject
Project("{FAE04EC0-301F-11D3-BF4B-00C04F79EFBC}") = "Helper.PhantomJS", "Helper.PhantomJS\Helper.PhantomJS.csproj", "{5EAAE6DF-1DBF-4CD1-BCB4-C1CAB46F76AD}"
EndProject
Project("{FAE04EC0-301F-11D3-BF4B-00C04F79EFBC}") = "Suppliers.Ali.Automation", "Suppliers.Ali.Automation\Suppliers.Ali.Automation.csproj", "{508A0895-57D1-4C22-A483-FA341192A177}"
EndProject
Project("{FAE04EC0-301F-11D3-BF4B-00C04F79EFBC}") = "Rules.Ali.Model", "Rules.Ali.Model\Rules.Ali.Model.csproj", "{52567F12-7782-4699-8729-4F8FB1843AF3}"
EndProject
Project("{FAE04EC0-301F-11D3-BF4B-00C04F79EFBC}") = "Rules.Ali", "Rules.Ali\Rules.Ali.csproj", "{6886E0ED-EBE8-4714-A1C8-8F01AC1F1DBC}"
EndProject
Project("{FAE04EC0-301F-11D3-BF4B-00C04F79EFBC}") = "Helper.ConsoleHelper", "Helper.ConsoleHelper\Helper.ConsoleHelper.csproj", "{D0EDB386-C812-4C0F-86D4-8C7FFC5218ED}"
EndProject
Project("{2150E333-8FDC-42A3-9474-1A3956D46DE8}") = "Shopify", "Shopify", "{D4F2CB25-D05F-44F0-AEAA-407BDD54325A}"
EndProject
Project("{FAE04EC0-301F-11D3-BF4B-00C04F79EFBC}") = "Suppliers.ShopifySharp", "Suppliers.ShopifySharp\Suppliers.ShopifySharp.csproj", "{833EC12B-956D-427B-A598-2F12B84589EF}"
EndProject
Project("{FAE04EC0-301F-11D3-BF4B-00C04F79EFBC}") = "Helper.Abbreviation", "Helper.Abbreviation\Helper.Abbreviation.csproj", "{8C4A107B-8F77-433C-8E60-375465A85E49}"
EndProject
Project("{2150E333-8FDC-42A3-9474-1A3956D46DE8}") = ".jsHelper", ".jsHelper", "{0DA3835A-65EA-42D1-8816-1864A10FCF46}"
	ProjectSection(SolutionItems) = preProject
		.jshelper\aliCrawler_productFromSearch.js = .jshelper\aliCrawler_productFromSearch.js
	EndProjectSection
EndProject
Global
	GlobalSection(SolutionConfigurationPlatforms) = preSolution
		Debug_Linux|Any CPU = Debug_Linux|Any CPU
		Debug_Linux|Mixed Platforms = Debug_Linux|Mixed Platforms
		Debug_Linux|Win32 = Debug_Linux|Win32
		Debug_Linux|x86 = Debug_Linux|x86
		Debug_NET2|Any CPU = Debug_NET2|Any CPU
		Debug_NET2|Mixed Platforms = Debug_NET2|Mixed Platforms
		Debug_NET2|Win32 = Debug_NET2|Win32
		Debug_NET2|x86 = Debug_NET2|x86
		Debug|Any CPU = Debug|Any CPU
		Debug|Mixed Platforms = Debug|Mixed Platforms
		Debug|Win32 = Debug|Win32
		Debug|x86 = Debug|x86
		Release_Linux|Any CPU = Release_Linux|Any CPU
		Release_Linux|Mixed Platforms = Release_Linux|Mixed Platforms
		Release_Linux|Win32 = Release_Linux|Win32
		Release_Linux|x86 = Release_Linux|x86
		Release_NET2|Any CPU = Release_NET2|Any CPU
		Release_NET2|Mixed Platforms = Release_NET2|Mixed Platforms
		Release_NET2|Win32 = Release_NET2|Win32
		Release_NET2|x86 = Release_NET2|x86
		Release|Any CPU = Release|Any CPU
		Release|Mixed Platforms = Release|Mixed Platforms
		Release|Win32 = Release|Win32
		Release|x86 = Release|x86
	EndGlobalSection
	GlobalSection(ProjectConfigurationPlatforms) = postSolution
		{02E7093C-889B-4897-B25C-ECAFA279AE78}.Debug_Linux|Any CPU.ActiveCfg = Debug|Any CPU
		{02E7093C-889B-4897-B25C-ECAFA279AE78}.Debug_Linux|Any CPU.Build.0 = Debug|Any CPU
		{02E7093C-889B-4897-B25C-ECAFA279AE78}.Debug_Linux|Mixed Platforms.ActiveCfg = Debug|Any CPU
		{02E7093C-889B-4897-B25C-ECAFA279AE78}.Debug_Linux|Mixed Platforms.Build.0 = Debug|Any CPU
		{02E7093C-889B-4897-B25C-ECAFA279AE78}.Debug_Linux|Win32.ActiveCfg = Debug|Any CPU
		{02E7093C-889B-4897-B25C-ECAFA279AE78}.Debug_Linux|Win32.Build.0 = Debug|Any CPU
		{02E7093C-889B-4897-B25C-ECAFA279AE78}.Debug_Linux|x86.ActiveCfg = Debug|Any CPU
		{02E7093C-889B-4897-B25C-ECAFA279AE78}.Debug_Linux|x86.Build.0 = Debug|Any CPU
		{02E7093C-889B-4897-B25C-ECAFA279AE78}.Debug_NET2|Any CPU.ActiveCfg = Debug|Any CPU
		{02E7093C-889B-4897-B25C-ECAFA279AE78}.Debug_NET2|Any CPU.Build.0 = Debug|Any CPU
		{02E7093C-889B-4897-B25C-ECAFA279AE78}.Debug_NET2|Mixed Platforms.ActiveCfg = Debug|Any CPU
		{02E7093C-889B-4897-B25C-ECAFA279AE78}.Debug_NET2|Mixed Platforms.Build.0 = Debug|Any CPU
		{02E7093C-889B-4897-B25C-ECAFA279AE78}.Debug_NET2|Win32.ActiveCfg = Debug|Any CPU
		{02E7093C-889B-4897-B25C-ECAFA279AE78}.Debug_NET2|Win32.Build.0 = Debug|Any CPU
		{02E7093C-889B-4897-B25C-ECAFA279AE78}.Debug_NET2|x86.ActiveCfg = Debug|Any CPU
		{02E7093C-889B-4897-B25C-ECAFA279AE78}.Debug_NET2|x86.Build.0 = Debug|Any CPU
		{02E7093C-889B-4897-B25C-ECAFA279AE78}.Debug|Any CPU.ActiveCfg = Debug|Any CPU
		{02E7093C-889B-4897-B25C-ECAFA279AE78}.Debug|Any CPU.Build.0 = Debug|Any CPU
		{02E7093C-889B-4897-B25C-ECAFA279AE78}.Debug|Mixed Platforms.ActiveCfg = Debug|Any CPU
		{02E7093C-889B-4897-B25C-ECAFA279AE78}.Debug|Mixed Platforms.Build.0 = Debug|Any CPU
		{02E7093C-889B-4897-B25C-ECAFA279AE78}.Debug|Win32.ActiveCfg = Debug|Any CPU
		{02E7093C-889B-4897-B25C-ECAFA279AE78}.Debug|Win32.Build.0 = Debug|Any CPU
		{02E7093C-889B-4897-B25C-ECAFA279AE78}.Debug|x86.ActiveCfg = Debug|Any CPU
		{02E7093C-889B-4897-B25C-ECAFA279AE78}.Debug|x86.Build.0 = Debug|Any CPU
		{02E7093C-889B-4897-B25C-ECAFA279AE78}.Release_Linux|Any CPU.ActiveCfg = Release|Any CPU
		{02E7093C-889B-4897-B25C-ECAFA279AE78}.Release_Linux|Any CPU.Build.0 = Release|Any CPU
		{02E7093C-889B-4897-B25C-ECAFA279AE78}.Release_Linux|Mixed Platforms.ActiveCfg = Release|Any CPU
		{02E7093C-889B-4897-B25C-ECAFA279AE78}.Release_Linux|Mixed Platforms.Build.0 = Release|Any CPU
		{02E7093C-889B-4897-B25C-ECAFA279AE78}.Release_Linux|Win32.ActiveCfg = Release|Any CPU
		{02E7093C-889B-4897-B25C-ECAFA279AE78}.Release_Linux|Win32.Build.0 = Release|Any CPU
		{02E7093C-889B-4897-B25C-ECAFA279AE78}.Release_Linux|x86.ActiveCfg = Release|Any CPU
		{02E7093C-889B-4897-B25C-ECAFA279AE78}.Release_Linux|x86.Build.0 = Release|Any CPU
		{02E7093C-889B-4897-B25C-ECAFA279AE78}.Release_NET2|Any CPU.ActiveCfg = Release|Any CPU
		{02E7093C-889B-4897-B25C-ECAFA279AE78}.Release_NET2|Any CPU.Build.0 = Release|Any CPU
		{02E7093C-889B-4897-B25C-ECAFA279AE78}.Release_NET2|Mixed Platforms.ActiveCfg = Release|Any CPU
		{02E7093C-889B-4897-B25C-ECAFA279AE78}.Release_NET2|Mixed Platforms.Build.0 = Release|Any CPU
		{02E7093C-889B-4897-B25C-ECAFA279AE78}.Release_NET2|Win32.ActiveCfg = Release|Any CPU
		{02E7093C-889B-4897-B25C-ECAFA279AE78}.Release_NET2|Win32.Build.0 = Release|Any CPU
		{02E7093C-889B-4897-B25C-ECAFA279AE78}.Release_NET2|x86.ActiveCfg = Release|Any CPU
		{02E7093C-889B-4897-B25C-ECAFA279AE78}.Release_NET2|x86.Build.0 = Release|Any CPU
		{02E7093C-889B-4897-B25C-ECAFA279AE78}.Release|Any CPU.ActiveCfg = Release|Any CPU
		{02E7093C-889B-4897-B25C-ECAFA279AE78}.Release|Any CPU.Build.0 = Release|Any CPU
		{02E7093C-889B-4897-B25C-ECAFA279AE78}.Release|Mixed Platforms.ActiveCfg = Release|Any CPU
		{02E7093C-889B-4897-B25C-ECAFA279AE78}.Release|Mixed Platforms.Build.0 = Release|Any CPU
		{02E7093C-889B-4897-B25C-ECAFA279AE78}.Release|Win32.ActiveCfg = Release|Any CPU
		{02E7093C-889B-4897-B25C-ECAFA279AE78}.Release|Win32.Build.0 = Release|Any CPU
		{02E7093C-889B-4897-B25C-ECAFA279AE78}.Release|x86.ActiveCfg = Release|Any CPU
		{02E7093C-889B-4897-B25C-ECAFA279AE78}.Release|x86.Build.0 = Release|Any CPU
		{646E4A12-2DE5-4574-B73E-AB6E6548921A}.Debug_Linux|Any CPU.ActiveCfg = Debug|Any CPU
		{646E4A12-2DE5-4574-B73E-AB6E6548921A}.Debug_Linux|Any CPU.Build.0 = Debug|Any CPU
		{646E4A12-2DE5-4574-B73E-AB6E6548921A}.Debug_Linux|Mixed Platforms.ActiveCfg = Debug|Any CPU
		{646E4A12-2DE5-4574-B73E-AB6E6548921A}.Debug_Linux|Mixed Platforms.Build.0 = Debug|Any CPU
		{646E4A12-2DE5-4574-B73E-AB6E6548921A}.Debug_Linux|Win32.ActiveCfg = Debug|Any CPU
		{646E4A12-2DE5-4574-B73E-AB6E6548921A}.Debug_Linux|Win32.Build.0 = Debug|Any CPU
		{646E4A12-2DE5-4574-B73E-AB6E6548921A}.Debug_Linux|x86.ActiveCfg = Debug|Any CPU
		{646E4A12-2DE5-4574-B73E-AB6E6548921A}.Debug_Linux|x86.Build.0 = Debug|Any CPU
		{646E4A12-2DE5-4574-B73E-AB6E6548921A}.Debug_NET2|Any CPU.ActiveCfg = Debug|Any CPU
		{646E4A12-2DE5-4574-B73E-AB6E6548921A}.Debug_NET2|Any CPU.Build.0 = Debug|Any CPU
		{646E4A12-2DE5-4574-B73E-AB6E6548921A}.Debug_NET2|Mixed Platforms.ActiveCfg = Debug|Any CPU
		{646E4A12-2DE5-4574-B73E-AB6E6548921A}.Debug_NET2|Mixed Platforms.Build.0 = Debug|Any CPU
		{646E4A12-2DE5-4574-B73E-AB6E6548921A}.Debug_NET2|Win32.ActiveCfg = Debug|Any CPU
		{646E4A12-2DE5-4574-B73E-AB6E6548921A}.Debug_NET2|Win32.Build.0 = Debug|Any CPU
		{646E4A12-2DE5-4574-B73E-AB6E6548921A}.Debug_NET2|x86.ActiveCfg = Debug|Any CPU
		{646E4A12-2DE5-4574-B73E-AB6E6548921A}.Debug_NET2|x86.Build.0 = Debug|Any CPU
		{646E4A12-2DE5-4574-B73E-AB6E6548921A}.Debug|Any CPU.ActiveCfg = Debug|Any CPU
		{646E4A12-2DE5-4574-B73E-AB6E6548921A}.Debug|Any CPU.Build.0 = Debug|Any CPU
		{646E4A12-2DE5-4574-B73E-AB6E6548921A}.Debug|Mixed Platforms.ActiveCfg = Debug|Any CPU
		{646E4A12-2DE5-4574-B73E-AB6E6548921A}.Debug|Mixed Platforms.Build.0 = Debug|Any CPU
		{646E4A12-2DE5-4574-B73E-AB6E6548921A}.Debug|Win32.ActiveCfg = Debug|Any CPU
		{646E4A12-2DE5-4574-B73E-AB6E6548921A}.Debug|Win32.Build.0 = Debug|Any CPU
		{646E4A12-2DE5-4574-B73E-AB6E6548921A}.Debug|x86.ActiveCfg = Debug|Any CPU
		{646E4A12-2DE5-4574-B73E-AB6E6548921A}.Debug|x86.Build.0 = Debug|Any CPU
		{646E4A12-2DE5-4574-B73E-AB6E6548921A}.Release_Linux|Any CPU.ActiveCfg = Release|Any CPU
		{646E4A12-2DE5-4574-B73E-AB6E6548921A}.Release_Linux|Any CPU.Build.0 = Release|Any CPU
		{646E4A12-2DE5-4574-B73E-AB6E6548921A}.Release_Linux|Mixed Platforms.ActiveCfg = Release|Any CPU
		{646E4A12-2DE5-4574-B73E-AB6E6548921A}.Release_Linux|Mixed Platforms.Build.0 = Release|Any CPU
		{646E4A12-2DE5-4574-B73E-AB6E6548921A}.Release_Linux|Win32.ActiveCfg = Release|Any CPU
		{646E4A12-2DE5-4574-B73E-AB6E6548921A}.Release_Linux|Win32.Build.0 = Release|Any CPU
		{646E4A12-2DE5-4574-B73E-AB6E6548921A}.Release_Linux|x86.ActiveCfg = Release|Any CPU
		{646E4A12-2DE5-4574-B73E-AB6E6548921A}.Release_Linux|x86.Build.0 = Release|Any CPU
		{646E4A12-2DE5-4574-B73E-AB6E6548921A}.Release_NET2|Any CPU.ActiveCfg = Release|Any CPU
		{646E4A12-2DE5-4574-B73E-AB6E6548921A}.Release_NET2|Any CPU.Build.0 = Release|Any CPU
		{646E4A12-2DE5-4574-B73E-AB6E6548921A}.Release_NET2|Mixed Platforms.ActiveCfg = Release|Any CPU
		{646E4A12-2DE5-4574-B73E-AB6E6548921A}.Release_NET2|Mixed Platforms.Build.0 = Release|Any CPU
		{646E4A12-2DE5-4574-B73E-AB6E6548921A}.Release_NET2|Win32.ActiveCfg = Release|Any CPU
		{646E4A12-2DE5-4574-B73E-AB6E6548921A}.Release_NET2|Win32.Build.0 = Release|Any CPU
		{646E4A12-2DE5-4574-B73E-AB6E6548921A}.Release_NET2|x86.ActiveCfg = Release|Any CPU
		{646E4A12-2DE5-4574-B73E-AB6E6548921A}.Release_NET2|x86.Build.0 = Release|Any CPU
		{646E4A12-2DE5-4574-B73E-AB6E6548921A}.Release|Any CPU.ActiveCfg = Release|Any CPU
		{646E4A12-2DE5-4574-B73E-AB6E6548921A}.Release|Any CPU.Build.0 = Release|Any CPU
		{646E4A12-2DE5-4574-B73E-AB6E6548921A}.Release|Mixed Platforms.ActiveCfg = Release|Any CPU
		{646E4A12-2DE5-4574-B73E-AB6E6548921A}.Release|Mixed Platforms.Build.0 = Release|Any CPU
		{646E4A12-2DE5-4574-B73E-AB6E6548921A}.Release|Win32.ActiveCfg = Release|Any CPU
		{646E4A12-2DE5-4574-B73E-AB6E6548921A}.Release|Win32.Build.0 = Release|Any CPU
		{646E4A12-2DE5-4574-B73E-AB6E6548921A}.Release|x86.ActiveCfg = Release|Any CPU
		{646E4A12-2DE5-4574-B73E-AB6E6548921A}.Release|x86.Build.0 = Release|Any CPU
		{5EAAE6DF-1DBF-4CD1-BCB4-C1CAB46F76AD}.Debug_Linux|Any CPU.ActiveCfg = Debug|Any CPU
		{5EAAE6DF-1DBF-4CD1-BCB4-C1CAB46F76AD}.Debug_Linux|Any CPU.Build.0 = Debug|Any CPU
		{5EAAE6DF-1DBF-4CD1-BCB4-C1CAB46F76AD}.Debug_Linux|Mixed Platforms.ActiveCfg = Debug|Any CPU
		{5EAAE6DF-1DBF-4CD1-BCB4-C1CAB46F76AD}.Debug_Linux|Mixed Platforms.Build.0 = Debug|Any CPU
		{5EAAE6DF-1DBF-4CD1-BCB4-C1CAB46F76AD}.Debug_Linux|Win32.ActiveCfg = Debug|Any CPU
		{5EAAE6DF-1DBF-4CD1-BCB4-C1CAB46F76AD}.Debug_Linux|x86.ActiveCfg = Debug|Any CPU
		{5EAAE6DF-1DBF-4CD1-BCB4-C1CAB46F76AD}.Debug_NET2|Any CPU.ActiveCfg = Debug|Any CPU
		{5EAAE6DF-1DBF-4CD1-BCB4-C1CAB46F76AD}.Debug_NET2|Any CPU.Build.0 = Debug|Any CPU
		{5EAAE6DF-1DBF-4CD1-BCB4-C1CAB46F76AD}.Debug_NET2|Mixed Platforms.ActiveCfg = Debug|Any CPU
		{5EAAE6DF-1DBF-4CD1-BCB4-C1CAB46F76AD}.Debug_NET2|Mixed Platforms.Build.0 = Debug|Any CPU
		{5EAAE6DF-1DBF-4CD1-BCB4-C1CAB46F76AD}.Debug_NET2|Win32.ActiveCfg = Debug|Any CPU
		{5EAAE6DF-1DBF-4CD1-BCB4-C1CAB46F76AD}.Debug_NET2|x86.ActiveCfg = Debug|Any CPU
		{5EAAE6DF-1DBF-4CD1-BCB4-C1CAB46F76AD}.Debug|Any CPU.ActiveCfg = Debug|Any CPU
		{5EAAE6DF-1DBF-4CD1-BCB4-C1CAB46F76AD}.Debug|Any CPU.Build.0 = Debug|Any CPU
		{5EAAE6DF-1DBF-4CD1-BCB4-C1CAB46F76AD}.Debug|Mixed Platforms.ActiveCfg = Debug|Any CPU
		{5EAAE6DF-1DBF-4CD1-BCB4-C1CAB46F76AD}.Debug|Mixed Platforms.Build.0 = Debug|Any CPU
		{5EAAE6DF-1DBF-4CD1-BCB4-C1CAB46F76AD}.Debug|Win32.ActiveCfg = Debug|Any CPU
		{5EAAE6DF-1DBF-4CD1-BCB4-C1CAB46F76AD}.Debug|x86.ActiveCfg = Debug|Any CPU
		{5EAAE6DF-1DBF-4CD1-BCB4-C1CAB46F76AD}.Release_Linux|Any CPU.ActiveCfg = Release|Any CPU
		{5EAAE6DF-1DBF-4CD1-BCB4-C1CAB46F76AD}.Release_Linux|Any CPU.Build.0 = Release|Any CPU
		{5EAAE6DF-1DBF-4CD1-BCB4-C1CAB46F76AD}.Release_Linux|Mixed Platforms.ActiveCfg = Release|Any CPU
		{5EAAE6DF-1DBF-4CD1-BCB4-C1CAB46F76AD}.Release_Linux|Mixed Platforms.Build.0 = Release|Any CPU
		{5EAAE6DF-1DBF-4CD1-BCB4-C1CAB46F76AD}.Release_Linux|Win32.ActiveCfg = Release|Any CPU
		{5EAAE6DF-1DBF-4CD1-BCB4-C1CAB46F76AD}.Release_Linux|x86.ActiveCfg = Release|Any CPU
		{5EAAE6DF-1DBF-4CD1-BCB4-C1CAB46F76AD}.Release_NET2|Any CPU.ActiveCfg = Release|Any CPU
		{5EAAE6DF-1DBF-4CD1-BCB4-C1CAB46F76AD}.Release_NET2|Any CPU.Build.0 = Release|Any CPU
		{5EAAE6DF-1DBF-4CD1-BCB4-C1CAB46F76AD}.Release_NET2|Mixed Platforms.ActiveCfg = Release|Any CPU
		{5EAAE6DF-1DBF-4CD1-BCB4-C1CAB46F76AD}.Release_NET2|Mixed Platforms.Build.0 = Release|Any CPU
		{5EAAE6DF-1DBF-4CD1-BCB4-C1CAB46F76AD}.Release_NET2|Win32.ActiveCfg = Release|Any CPU
		{5EAAE6DF-1DBF-4CD1-BCB4-C1CAB46F76AD}.Release_NET2|x86.ActiveCfg = Release|Any CPU
		{5EAAE6DF-1DBF-4CD1-BCB4-C1CAB46F76AD}.Release|Any CPU.ActiveCfg = Release|Any CPU
		{5EAAE6DF-1DBF-4CD1-BCB4-C1CAB46F76AD}.Release|Any CPU.Build.0 = Release|Any CPU
		{5EAAE6DF-1DBF-4CD1-BCB4-C1CAB46F76AD}.Release|Mixed Platforms.ActiveCfg = Release|Any CPU
		{5EAAE6DF-1DBF-4CD1-BCB4-C1CAB46F76AD}.Release|Mixed Platforms.Build.0 = Release|Any CPU
		{5EAAE6DF-1DBF-4CD1-BCB4-C1CAB46F76AD}.Release|Win32.ActiveCfg = Release|Any CPU
		{5EAAE6DF-1DBF-4CD1-BCB4-C1CAB46F76AD}.Release|x86.ActiveCfg = Release|Any CPU
		{508A0895-57D1-4C22-A483-FA341192A177}.Debug_Linux|Any CPU.ActiveCfg = Debug|Any CPU
		{508A0895-57D1-4C22-A483-FA341192A177}.Debug_Linux|Any CPU.Build.0 = Debug|Any CPU
		{508A0895-57D1-4C22-A483-FA341192A177}.Debug_Linux|Mixed Platforms.ActiveCfg = Debug|Any CPU
		{508A0895-57D1-4C22-A483-FA341192A177}.Debug_Linux|Mixed Platforms.Build.0 = Debug|Any CPU
		{508A0895-57D1-4C22-A483-FA341192A177}.Debug_Linux|Win32.ActiveCfg = Debug|Any CPU
		{508A0895-57D1-4C22-A483-FA341192A177}.Debug_Linux|Win32.Build.0 = Debug|Any CPU
		{508A0895-57D1-4C22-A483-FA341192A177}.Debug_Linux|x86.ActiveCfg = Debug|Any CPU
		{508A0895-57D1-4C22-A483-FA341192A177}.Debug_Linux|x86.Build.0 = Debug|Any CPU
		{508A0895-57D1-4C22-A483-FA341192A177}.Debug_NET2|Any CPU.ActiveCfg = Debug|Any CPU
		{508A0895-57D1-4C22-A483-FA341192A177}.Debug_NET2|Any CPU.Build.0 = Debug|Any CPU
		{508A0895-57D1-4C22-A483-FA341192A177}.Debug_NET2|Mixed Platforms.ActiveCfg = Debug|Any CPU
		{508A0895-57D1-4C22-A483-FA341192A177}.Debug_NET2|Mixed Platforms.Build.0 = Debug|Any CPU
		{508A0895-57D1-4C22-A483-FA341192A177}.Debug_NET2|Win32.ActiveCfg = Debug|Any CPU
		{508A0895-57D1-4C22-A483-FA341192A177}.Debug_NET2|Win32.Build.0 = Debug|Any CPU
		{508A0895-57D1-4C22-A483-FA341192A177}.Debug_NET2|x86.ActiveCfg = Debug|Any CPU
		{508A0895-57D1-4C22-A483-FA341192A177}.Debug_NET2|x86.Build.0 = Debug|Any CPU
		{508A0895-57D1-4C22-A483-FA341192A177}.Debug|Any CPU.ActiveCfg = Debug|Any CPU
		{508A0895-57D1-4C22-A483-FA341192A177}.Debug|Any CPU.Build.0 = Debug|Any CPU
		{508A0895-57D1-4C22-A483-FA341192A177}.Debug|Mixed Platforms.ActiveCfg = Debug|Any CPU
		{508A0895-57D1-4C22-A483-FA341192A177}.Debug|Mixed Platforms.Build.0 = Debug|Any CPU
		{508A0895-57D1-4C22-A483-FA341192A177}.Debug|Win32.ActiveCfg = Debug|Any CPU
		{508A0895-57D1-4C22-A483-FA341192A177}.Debug|Win32.Build.0 = Debug|Any CPU
		{508A0895-57D1-4C22-A483-FA341192A177}.Debug|x86.ActiveCfg = Debug|Any CPU
		{508A0895-57D1-4C22-A483-FA341192A177}.Debug|x86.Build.0 = Debug|Any CPU
		{508A0895-57D1-4C22-A483-FA341192A177}.Release_Linux|Any CPU.ActiveCfg = Release|Any CPU
		{508A0895-57D1-4C22-A483-FA341192A177}.Release_Linux|Any CPU.Build.0 = Release|Any CPU
		{508A0895-57D1-4C22-A483-FA341192A177}.Release_Linux|Mixed Platforms.ActiveCfg = Release|Any CPU
		{508A0895-57D1-4C22-A483-FA341192A177}.Release_Linux|Mixed Platforms.Build.0 = Release|Any CPU
		{508A0895-57D1-4C22-A483-FA341192A177}.Release_Linux|Win32.ActiveCfg = Release|Any CPU
		{508A0895-57D1-4C22-A483-FA341192A177}.Release_Linux|Win32.Build.0 = Release|Any CPU
		{508A0895-57D1-4C22-A483-FA341192A177}.Release_Linux|x86.ActiveCfg = Release|Any CPU
		{508A0895-57D1-4C22-A483-FA341192A177}.Release_Linux|x86.Build.0 = Release|Any CPU
		{508A0895-57D1-4C22-A483-FA341192A177}.Release_NET2|Any CPU.ActiveCfg = Release|Any CPU
		{508A0895-57D1-4C22-A483-FA341192A177}.Release_NET2|Any CPU.Build.0 = Release|Any CPU
		{508A0895-57D1-4C22-A483-FA341192A177}.Release_NET2|Mixed Platforms.ActiveCfg = Release|Any CPU
		{508A0895-57D1-4C22-A483-FA341192A177}.Release_NET2|Mixed Platforms.Build.0 = Release|Any CPU
		{508A0895-57D1-4C22-A483-FA341192A177}.Release_NET2|Win32.ActiveCfg = Release|Any CPU
		{508A0895-57D1-4C22-A483-FA341192A177}.Release_NET2|Win32.Build.0 = Release|Any CPU
		{508A0895-57D1-4C22-A483-FA341192A177}.Release_NET2|x86.ActiveCfg = Release|Any CPU
		{508A0895-57D1-4C22-A483-FA341192A177}.Release_NET2|x86.Build.0 = Release|Any CPU
		{508A0895-57D1-4C22-A483-FA341192A177}.Release|Any CPU.ActiveCfg = Release|Any CPU
		{508A0895-57D1-4C22-A483-FA341192A177}.Release|Any CPU.Build.0 = Release|Any CPU
		{508A0895-57D1-4C22-A483-FA341192A177}.Release|Mixed Platforms.ActiveCfg = Release|Any CPU
		{508A0895-57D1-4C22-A483-FA341192A177}.Release|Mixed Platforms.Build.0 = Release|Any CPU
		{508A0895-57D1-4C22-A483-FA341192A177}.Release|Win32.ActiveCfg = Release|Any CPU
		{508A0895-57D1-4C22-A483-FA341192A177}.Release|Win32.Build.0 = Release|Any CPU
		{508A0895-57D1-4C22-A483-FA341192A177}.Release|x86.ActiveCfg = Release|Any CPU
		{508A0895-57D1-4C22-A483-FA341192A177}.Release|x86.Build.0 = Release|Any CPU
		{52567F12-7782-4699-8729-4F8FB1843AF3}.Debug_Linux|Any CPU.ActiveCfg = Debug|Any CPU
		{52567F12-7782-4699-8729-4F8FB1843AF3}.Debug_Linux|Any CPU.Build.0 = Debug|Any CPU
		{52567F12-7782-4699-8729-4F8FB1843AF3}.Debug_Linux|Mixed Platforms.ActiveCfg = Debug|Any CPU
		{52567F12-7782-4699-8729-4F8FB1843AF3}.Debug_Linux|Mixed Platforms.Build.0 = Debug|Any CPU
		{52567F12-7782-4699-8729-4F8FB1843AF3}.Debug_Linux|Win32.ActiveCfg = Debug|Any CPU
		{52567F12-7782-4699-8729-4F8FB1843AF3}.Debug_Linux|Win32.Build.0 = Debug|Any CPU
		{52567F12-7782-4699-8729-4F8FB1843AF3}.Debug_Linux|x86.ActiveCfg = Debug|Any CPU
		{52567F12-7782-4699-8729-4F8FB1843AF3}.Debug_Linux|x86.Build.0 = Debug|Any CPU
		{52567F12-7782-4699-8729-4F8FB1843AF3}.Debug_NET2|Any CPU.ActiveCfg = Debug|Any CPU
		{52567F12-7782-4699-8729-4F8FB1843AF3}.Debug_NET2|Any CPU.Build.0 = Debug|Any CPU
		{52567F12-7782-4699-8729-4F8FB1843AF3}.Debug_NET2|Mixed Platforms.ActiveCfg = Debug|Any CPU
		{52567F12-7782-4699-8729-4F8FB1843AF3}.Debug_NET2|Mixed Platforms.Build.0 = Debug|Any CPU
		{52567F12-7782-4699-8729-4F8FB1843AF3}.Debug_NET2|Win32.ActiveCfg = Debug|Any CPU
		{52567F12-7782-4699-8729-4F8FB1843AF3}.Debug_NET2|Win32.Build.0 = Debug|Any CPU
		{52567F12-7782-4699-8729-4F8FB1843AF3}.Debug_NET2|x86.ActiveCfg = Debug|Any CPU
		{52567F12-7782-4699-8729-4F8FB1843AF3}.Debug_NET2|x86.Build.0 = Debug|Any CPU
		{52567F12-7782-4699-8729-4F8FB1843AF3}.Debug|Any CPU.ActiveCfg = Debug|Any CPU
		{52567F12-7782-4699-8729-4F8FB1843AF3}.Debug|Any CPU.Build.0 = Debug|Any CPU
		{52567F12-7782-4699-8729-4F8FB1843AF3}.Debug|Mixed Platforms.ActiveCfg = Debug|Any CPU
		{52567F12-7782-4699-8729-4F8FB1843AF3}.Debug|Mixed Platforms.Build.0 = Debug|Any CPU
		{52567F12-7782-4699-8729-4F8FB1843AF3}.Debug|Win32.ActiveCfg = Debug|Any CPU
		{52567F12-7782-4699-8729-4F8FB1843AF3}.Debug|Win32.Build.0 = Debug|Any CPU
		{52567F12-7782-4699-8729-4F8FB1843AF3}.Debug|x86.ActiveCfg = Debug|Any CPU
		{52567F12-7782-4699-8729-4F8FB1843AF3}.Debug|x86.Build.0 = Debug|Any CPU
		{52567F12-7782-4699-8729-4F8FB1843AF3}.Release_Linux|Any CPU.ActiveCfg = Release|Any CPU
		{52567F12-7782-4699-8729-4F8FB1843AF3}.Release_Linux|Any CPU.Build.0 = Release|Any CPU
		{52567F12-7782-4699-8729-4F8FB1843AF3}.Release_Linux|Mixed Platforms.ActiveCfg = Release|Any CPU
		{52567F12-7782-4699-8729-4F8FB1843AF3}.Release_Linux|Mixed Platforms.Build.0 = Release|Any CPU
		{52567F12-7782-4699-8729-4F8FB1843AF3}.Release_Linux|Win32.ActiveCfg = Release|Any CPU
		{52567F12-7782-4699-8729-4F8FB1843AF3}.Release_Linux|Win32.Build.0 = Release|Any CPU
		{52567F12-7782-4699-8729-4F8FB1843AF3}.Release_Linux|x86.ActiveCfg = Release|Any CPU
		{52567F12-7782-4699-8729-4F8FB1843AF3}.Release_Linux|x86.Build.0 = Release|Any CPU
		{52567F12-7782-4699-8729-4F8FB1843AF3}.Release_NET2|Any CPU.ActiveCfg = Release|Any CPU
		{52567F12-7782-4699-8729-4F8FB1843AF3}.Release_NET2|Any CPU.Build.0 = Release|Any CPU
		{52567F12-7782-4699-8729-4F8FB1843AF3}.Release_NET2|Mixed Platforms.ActiveCfg = Release|Any CPU
		{52567F12-7782-4699-8729-4F8FB1843AF3}.Release_NET2|Mixed Platforms.Build.0 = Release|Any CPU
		{52567F12-7782-4699-8729-4F8FB1843AF3}.Release_NET2|Win32.ActiveCfg = Release|Any CPU
		{52567F12-7782-4699-8729-4F8FB1843AF3}.Release_NET2|Win32.Build.0 = Release|Any CPU
		{52567F12-7782-4699-8729-4F8FB1843AF3}.Release_NET2|x86.ActiveCfg = Release|Any CPU
		{52567F12-7782-4699-8729-4F8FB1843AF3}.Release_NET2|x86.Build.0 = Release|Any CPU
		{52567F12-7782-4699-8729-4F8FB1843AF3}.Release|Any CPU.ActiveCfg = Release|Any CPU
		{52567F12-7782-4699-8729-4F8FB1843AF3}.Release|Any CPU.Build.0 = Release|Any CPU
		{52567F12-7782-4699-8729-4F8FB1843AF3}.Release|Mixed Platforms.ActiveCfg = Release|Any CPU
		{52567F12-7782-4699-8729-4F8FB1843AF3}.Release|Mixed Platforms.Build.0 = Release|Any CPU
		{52567F12-7782-4699-8729-4F8FB1843AF3}.Release|Win32.ActiveCfg = Release|Any CPU
		{52567F12-7782-4699-8729-4F8FB1843AF3}.Release|Win32.Build.0 = Release|Any CPU
		{52567F12-7782-4699-8729-4F8FB1843AF3}.Release|x86.ActiveCfg = Release|Any CPU
		{52567F12-7782-4699-8729-4F8FB1843AF3}.Release|x86.Build.0 = Release|Any CPU
		{6886E0ED-EBE8-4714-A1C8-8F01AC1F1DBC}.Debug_Linux|Any CPU.ActiveCfg = Debug|Any CPU
		{6886E0ED-EBE8-4714-A1C8-8F01AC1F1DBC}.Debug_Linux|Any CPU.Build.0 = Debug|Any CPU
		{6886E0ED-EBE8-4714-A1C8-8F01AC1F1DBC}.Debug_Linux|Mixed Platforms.ActiveCfg = Debug|Any CPU
		{6886E0ED-EBE8-4714-A1C8-8F01AC1F1DBC}.Debug_Linux|Mixed Platforms.Build.0 = Debug|Any CPU
		{6886E0ED-EBE8-4714-A1C8-8F01AC1F1DBC}.Debug_Linux|Win32.ActiveCfg = Debug|Any CPU
		{6886E0ED-EBE8-4714-A1C8-8F01AC1F1DBC}.Debug_Linux|Win32.Build.0 = Debug|Any CPU
		{6886E0ED-EBE8-4714-A1C8-8F01AC1F1DBC}.Debug_Linux|x86.ActiveCfg = Debug|Any CPU
		{6886E0ED-EBE8-4714-A1C8-8F01AC1F1DBC}.Debug_Linux|x86.Build.0 = Debug|Any CPU
		{6886E0ED-EBE8-4714-A1C8-8F01AC1F1DBC}.Debug_NET2|Any CPU.ActiveCfg = Debug|Any CPU
		{6886E0ED-EBE8-4714-A1C8-8F01AC1F1DBC}.Debug_NET2|Any CPU.Build.0 = Debug|Any CPU
		{6886E0ED-EBE8-4714-A1C8-8F01AC1F1DBC}.Debug_NET2|Mixed Platforms.ActiveCfg = Debug|Any CPU
		{6886E0ED-EBE8-4714-A1C8-8F01AC1F1DBC}.Debug_NET2|Mixed Platforms.Build.0 = Debug|Any CPU
		{6886E0ED-EBE8-4714-A1C8-8F01AC1F1DBC}.Debug_NET2|Win32.ActiveCfg = Debug|Any CPU
		{6886E0ED-EBE8-4714-A1C8-8F01AC1F1DBC}.Debug_NET2|Win32.Build.0 = Debug|Any CPU
		{6886E0ED-EBE8-4714-A1C8-8F01AC1F1DBC}.Debug_NET2|x86.ActiveCfg = Debug|Any CPU
		{6886E0ED-EBE8-4714-A1C8-8F01AC1F1DBC}.Debug_NET2|x86.Build.0 = Debug|Any CPU
		{6886E0ED-EBE8-4714-A1C8-8F01AC1F1DBC}.Debug|Any CPU.ActiveCfg = Debug|Any CPU
		{6886E0ED-EBE8-4714-A1C8-8F01AC1F1DBC}.Debug|Any CPU.Build.0 = Debug|Any CPU
		{6886E0ED-EBE8-4714-A1C8-8F01AC1F1DBC}.Debug|Mixed Platforms.ActiveCfg = Debug|Any CPU
		{6886E0ED-EBE8-4714-A1C8-8F01AC1F1DBC}.Debug|Mixed Platforms.Build.0 = Debug|Any CPU
		{6886E0ED-EBE8-4714-A1C8-8F01AC1F1DBC}.Debug|Win32.ActiveCfg = Debug|Any CPU
		{6886E0ED-EBE8-4714-A1C8-8F01AC1F1DBC}.Debug|Win32.Build.0 = Debug|Any CPU
		{6886E0ED-EBE8-4714-A1C8-8F01AC1F1DBC}.Debug|x86.ActiveCfg = Debug|Any CPU
		{6886E0ED-EBE8-4714-A1C8-8F01AC1F1DBC}.Debug|x86.Build.0 = Debug|Any CPU
		{6886E0ED-EBE8-4714-A1C8-8F01AC1F1DBC}.Release_Linux|Any CPU.ActiveCfg = Release|Any CPU
		{6886E0ED-EBE8-4714-A1C8-8F01AC1F1DBC}.Release_Linux|Any CPU.Build.0 = Release|Any CPU
		{6886E0ED-EBE8-4714-A1C8-8F01AC1F1DBC}.Release_Linux|Mixed Platforms.ActiveCfg = Release|Any CPU
		{6886E0ED-EBE8-4714-A1C8-8F01AC1F1DBC}.Release_Linux|Mixed Platforms.Build.0 = Release|Any CPU
		{6886E0ED-EBE8-4714-A1C8-8F01AC1F1DBC}.Release_Linux|Win32.ActiveCfg = Release|Any CPU
		{6886E0ED-EBE8-4714-A1C8-8F01AC1F1DBC}.Release_Linux|Win32.Build.0 = Release|Any CPU
		{6886E0ED-EBE8-4714-A1C8-8F01AC1F1DBC}.Release_Linux|x86.ActiveCfg = Release|Any CPU
		{6886E0ED-EBE8-4714-A1C8-8F01AC1F1DBC}.Release_Linux|x86.Build.0 = Release|Any CPU
		{6886E0ED-EBE8-4714-A1C8-8F01AC1F1DBC}.Release_NET2|Any CPU.ActiveCfg = Release|Any CPU
		{6886E0ED-EBE8-4714-A1C8-8F01AC1F1DBC}.Release_NET2|Any CPU.Build.0 = Release|Any CPU
		{6886E0ED-EBE8-4714-A1C8-8F01AC1F1DBC}.Release_NET2|Mixed Platforms.ActiveCfg = Release|Any CPU
		{6886E0ED-EBE8-4714-A1C8-8F01AC1F1DBC}.Release_NET2|Mixed Platforms.Build.0 = Release|Any CPU
		{6886E0ED-EBE8-4714-A1C8-8F01AC1F1DBC}.Release_NET2|Win32.ActiveCfg = Release|Any CPU
		{6886E0ED-EBE8-4714-A1C8-8F01AC1F1DBC}.Release_NET2|Win32.Build.0 = Release|Any CPU
		{6886E0ED-EBE8-4714-A1C8-8F01AC1F1DBC}.Release_NET2|x86.ActiveCfg = Release|Any CPU
		{6886E0ED-EBE8-4714-A1C8-8F01AC1F1DBC}.Release_NET2|x86.Build.0 = Release|Any CPU
		{6886E0ED-EBE8-4714-A1C8-8F01AC1F1DBC}.Release|Any CPU.ActiveCfg = Release|Any CPU
		{6886E0ED-EBE8-4714-A1C8-8F01AC1F1DBC}.Release|Any CPU.Build.0 = Release|Any CPU
		{6886E0ED-EBE8-4714-A1C8-8F01AC1F1DBC}.Release|Mixed Platforms.ActiveCfg = Release|Any CPU
		{6886E0ED-EBE8-4714-A1C8-8F01AC1F1DBC}.Release|Mixed Platforms.Build.0 = Release|Any CPU
		{6886E0ED-EBE8-4714-A1C8-8F01AC1F1DBC}.Release|Win32.ActiveCfg = Release|Any CPU
		{6886E0ED-EBE8-4714-A1C8-8F01AC1F1DBC}.Release|Win32.Build.0 = Release|Any CPU
		{6886E0ED-EBE8-4714-A1C8-8F01AC1F1DBC}.Release|x86.ActiveCfg = Release|Any CPU
		{6886E0ED-EBE8-4714-A1C8-8F01AC1F1DBC}.Release|x86.Build.0 = Release|Any CPU
		{D0EDB386-C812-4C0F-86D4-8C7FFC5218ED}.Debug_Linux|Any CPU.ActiveCfg = Debug|Any CPU
		{D0EDB386-C812-4C0F-86D4-8C7FFC5218ED}.Debug_Linux|Any CPU.Build.0 = Debug|Any CPU
		{D0EDB386-C812-4C0F-86D4-8C7FFC5218ED}.Debug_Linux|Mixed Platforms.ActiveCfg = Debug|Any CPU
		{D0EDB386-C812-4C0F-86D4-8C7FFC5218ED}.Debug_Linux|Mixed Platforms.Build.0 = Debug|Any CPU
		{D0EDB386-C812-4C0F-86D4-8C7FFC5218ED}.Debug_Linux|Win32.ActiveCfg = Debug|Any CPU
		{D0EDB386-C812-4C0F-86D4-8C7FFC5218ED}.Debug_Linux|x86.ActiveCfg = Debug|Any CPU
		{D0EDB386-C812-4C0F-86D4-8C7FFC5218ED}.Debug_NET2|Any CPU.ActiveCfg = Debug|Any CPU
		{D0EDB386-C812-4C0F-86D4-8C7FFC5218ED}.Debug_NET2|Any CPU.Build.0 = Debug|Any CPU
		{D0EDB386-C812-4C0F-86D4-8C7FFC5218ED}.Debug_NET2|Mixed Platforms.ActiveCfg = Debug|Any CPU
		{D0EDB386-C812-4C0F-86D4-8C7FFC5218ED}.Debug_NET2|Mixed Platforms.Build.0 = Debug|Any CPU
		{D0EDB386-C812-4C0F-86D4-8C7FFC5218ED}.Debug_NET2|Win32.ActiveCfg = Debug|Any CPU
		{D0EDB386-C812-4C0F-86D4-8C7FFC5218ED}.Debug_NET2|x86.ActiveCfg = Debug|Any CPU
		{D0EDB386-C812-4C0F-86D4-8C7FFC5218ED}.Debug|Any CPU.ActiveCfg = Debug|Any CPU
		{D0EDB386-C812-4C0F-86D4-8C7FFC5218ED}.Debug|Any CPU.Build.0 = Debug|Any CPU
		{D0EDB386-C812-4C0F-86D4-8C7FFC5218ED}.Debug|Mixed Platforms.ActiveCfg = Debug|Any CPU
		{D0EDB386-C812-4C0F-86D4-8C7FFC5218ED}.Debug|Mixed Platforms.Build.0 = Debug|Any CPU
		{D0EDB386-C812-4C0F-86D4-8C7FFC5218ED}.Debug|Win32.ActiveCfg = Debug|Any CPU
		{D0EDB386-C812-4C0F-86D4-8C7FFC5218ED}.Debug|x86.ActiveCfg = Debug|Any CPU
		{D0EDB386-C812-4C0F-86D4-8C7FFC5218ED}.Release_Linux|Any CPU.ActiveCfg = Release|Any CPU
		{D0EDB386-C812-4C0F-86D4-8C7FFC5218ED}.Release_Linux|Any CPU.Build.0 = Release|Any CPU
		{D0EDB386-C812-4C0F-86D4-8C7FFC5218ED}.Release_Linux|Mixed Platforms.ActiveCfg = Release|Any CPU
		{D0EDB386-C812-4C0F-86D4-8C7FFC5218ED}.Release_Linux|Mixed Platforms.Build.0 = Release|Any CPU
		{D0EDB386-C812-4C0F-86D4-8C7FFC5218ED}.Release_Linux|Win32.ActiveCfg = Release|Any CPU
		{D0EDB386-C812-4C0F-86D4-8C7FFC5218ED}.Release_Linux|x86.ActiveCfg = Release|Any CPU
		{D0EDB386-C812-4C0F-86D4-8C7FFC5218ED}.Release_NET2|Any CPU.ActiveCfg = Release|Any CPU
		{D0EDB386-C812-4C0F-86D4-8C7FFC5218ED}.Release_NET2|Any CPU.Build.0 = Release|Any CPU
		{D0EDB386-C812-4C0F-86D4-8C7FFC5218ED}.Release_NET2|Mixed Platforms.ActiveCfg = Release|Any CPU
		{D0EDB386-C812-4C0F-86D4-8C7FFC5218ED}.Release_NET2|Mixed Platforms.Build.0 = Release|Any CPU
		{D0EDB386-C812-4C0F-86D4-8C7FFC5218ED}.Release_NET2|Win32.ActiveCfg = Release|Any CPU
		{D0EDB386-C812-4C0F-86D4-8C7FFC5218ED}.Release_NET2|x86.ActiveCfg = Release|Any CPU
		{D0EDB386-C812-4C0F-86D4-8C7FFC5218ED}.Release|Any CPU.ActiveCfg = Release|Any CPU
		{D0EDB386-C812-4C0F-86D4-8C7FFC5218ED}.Release|Any CPU.Build.0 = Release|Any CPU
		{D0EDB386-C812-4C0F-86D4-8C7FFC5218ED}.Release|Mixed Platforms.ActiveCfg = Release|Any CPU
		{D0EDB386-C812-4C0F-86D4-8C7FFC5218ED}.Release|Mixed Platforms.Build.0 = Release|Any CPU
		{D0EDB386-C812-4C0F-86D4-8C7FFC5218ED}.Release|Win32.ActiveCfg = Release|Any CPU
		{D0EDB386-C812-4C0F-86D4-8C7FFC5218ED}.Release|x86.ActiveCfg = Release|Any CPU
		{833EC12B-956D-427B-A598-2F12B84589EF}.Debug_Linux|Any CPU.ActiveCfg = Debug|Any CPU
		{833EC12B-956D-427B-A598-2F12B84589EF}.Debug_Linux|Any CPU.Build.0 = Debug|Any CPU
		{833EC12B-956D-427B-A598-2F12B84589EF}.Debug_Linux|Mixed Platforms.ActiveCfg = Debug|Any CPU
		{833EC12B-956D-427B-A598-2F12B84589EF}.Debug_Linux|Mixed Platforms.Build.0 = Debug|Any CPU
		{833EC12B-956D-427B-A598-2F12B84589EF}.Debug_Linux|Win32.ActiveCfg = Debug|Any CPU
		{833EC12B-956D-427B-A598-2F12B84589EF}.Debug_Linux|Win32.Build.0 = Debug|Any CPU
		{833EC12B-956D-427B-A598-2F12B84589EF}.Debug_Linux|x86.ActiveCfg = Debug|Any CPU
		{833EC12B-956D-427B-A598-2F12B84589EF}.Debug_Linux|x86.Build.0 = Debug|Any CPU
		{833EC12B-956D-427B-A598-2F12B84589EF}.Debug_NET2|Any CPU.ActiveCfg = Debug|Any CPU
		{833EC12B-956D-427B-A598-2F12B84589EF}.Debug_NET2|Any CPU.Build.0 = Debug|Any CPU
		{833EC12B-956D-427B-A598-2F12B84589EF}.Debug_NET2|Mixed Platforms.ActiveCfg = Debug|Any CPU
		{833EC12B-956D-427B-A598-2F12B84589EF}.Debug_NET2|Mixed Platforms.Build.0 = Debug|Any CPU
		{833EC12B-956D-427B-A598-2F12B84589EF}.Debug_NET2|Win32.ActiveCfg = Debug|Any CPU
		{833EC12B-956D-427B-A598-2F12B84589EF}.Debug_NET2|Win32.Build.0 = Debug|Any CPU
		{833EC12B-956D-427B-A598-2F12B84589EF}.Debug_NET2|x86.ActiveCfg = Debug|Any CPU
		{833EC12B-956D-427B-A598-2F12B84589EF}.Debug_NET2|x86.Build.0 = Debug|Any CPU
		{833EC12B-956D-427B-A598-2F12B84589EF}.Debug|Any CPU.ActiveCfg = Debug|Any CPU
		{833EC12B-956D-427B-A598-2F12B84589EF}.Debug|Any CPU.Build.0 = Debug|Any CPU
		{833EC12B-956D-427B-A598-2F12B84589EF}.Debug|Mixed Platforms.ActiveCfg = Debug|Any CPU
		{833EC12B-956D-427B-A598-2F12B84589EF}.Debug|Mixed Platforms.Build.0 = Debug|Any CPU
		{833EC12B-956D-427B-A598-2F12B84589EF}.Debug|Win32.ActiveCfg = Debug|Any CPU
		{833EC12B-956D-427B-A598-2F12B84589EF}.Debug|Win32.Build.0 = Debug|Any CPU
		{833EC12B-956D-427B-A598-2F12B84589EF}.Debug|x86.ActiveCfg = Debug|Any CPU
		{833EC12B-956D-427B-A598-2F12B84589EF}.Debug|x86.Build.0 = Debug|Any CPU
		{833EC12B-956D-427B-A598-2F12B84589EF}.Release_Linux|Any CPU.ActiveCfg = Release|Any CPU
		{833EC12B-956D-427B-A598-2F12B84589EF}.Release_Linux|Any CPU.Build.0 = Release|Any CPU
		{833EC12B-956D-427B-A598-2F12B84589EF}.Release_Linux|Mixed Platforms.ActiveCfg = Release|Any CPU
		{833EC12B-956D-427B-A598-2F12B84589EF}.Release_Linux|Mixed Platforms.Build.0 = Release|Any CPU
		{833EC12B-956D-427B-A598-2F12B84589EF}.Release_Linux|Win32.ActiveCfg = Release|Any CPU
		{833EC12B-956D-427B-A598-2F12B84589EF}.Release_Linux|Win32.Build.0 = Release|Any CPU
		{833EC12B-956D-427B-A598-2F12B84589EF}.Release_Linux|x86.ActiveCfg = Release|Any CPU
		{833EC12B-956D-427B-A598-2F12B84589EF}.Release_Linux|x86.Build.0 = Release|Any CPU
		{833EC12B-956D-427B-A598-2F12B84589EF}.Release_NET2|Any CPU.ActiveCfg = Release|Any CPU
		{833EC12B-956D-427B-A598-2F12B84589EF}.Release_NET2|Any CPU.Build.0 = Release|Any CPU
		{833EC12B-956D-427B-A598-2F12B84589EF}.Release_NET2|Mixed Platforms.ActiveCfg = Release|Any CPU
		{833EC12B-956D-427B-A598-2F12B84589EF}.Release_NET2|Mixed Platforms.Build.0 = Release|Any CPU
		{833EC12B-956D-427B-A598-2F12B84589EF}.Release_NET2|Win32.ActiveCfg = Release|Any CPU
		{833EC12B-956D-427B-A598-2F12B84589EF}.Release_NET2|Win32.Build.0 = Release|Any CPU
		{833EC12B-956D-427B-A598-2F12B84589EF}.Release_NET2|x86.ActiveCfg = Release|Any CPU
		{833EC12B-956D-427B-A598-2F12B84589EF}.Release_NET2|x86.Build.0 = Release|Any CPU
		{833EC12B-956D-427B-A598-2F12B84589EF}.Release|Any CPU.ActiveCfg = Release|Any CPU
		{833EC12B-956D-427B-A598-2F12B84589EF}.Release|Any CPU.Build.0 = Release|Any CPU
		{833EC12B-956D-427B-A598-2F12B84589EF}.Release|Mixed Platforms.ActiveCfg = Release|Any CPU
		{833EC12B-956D-427B-A598-2F12B84589EF}.Release|Mixed Platforms.Build.0 = Release|Any CPU
		{833EC12B-956D-427B-A598-2F12B84589EF}.Release|Win32.ActiveCfg = Release|Any CPU
		{833EC12B-956D-427B-A598-2F12B84589EF}.Release|Win32.Build.0 = Release|Any CPU
		{833EC12B-956D-427B-A598-2F12B84589EF}.Release|x86.ActiveCfg = Release|Any CPU
		{833EC12B-956D-427B-A598-2F12B84589EF}.Release|x86.Build.0 = Release|Any CPU
		{8C4A107B-8F77-433C-8E60-375465A85E49}.Debug_Linux|Any CPU.ActiveCfg = Debug|Any CPU
		{8C4A107B-8F77-433C-8E60-375465A85E49}.Debug_Linux|Any CPU.Build.0 = Debug|Any CPU
		{8C4A107B-8F77-433C-8E60-375465A85E49}.Debug_Linux|Mixed Platforms.ActiveCfg = Debug|Any CPU
		{8C4A107B-8F77-433C-8E60-375465A85E49}.Debug_Linux|Mixed Platforms.Build.0 = Debug|Any CPU
		{8C4A107B-8F77-433C-8E60-375465A85E49}.Debug_Linux|Win32.ActiveCfg = Debug|Any CPU
		{8C4A107B-8F77-433C-8E60-375465A85E49}.Debug_Linux|Win32.Build.0 = Debug|Any CPU
		{8C4A107B-8F77-433C-8E60-375465A85E49}.Debug_Linux|x86.ActiveCfg = Debug|Any CPU
		{8C4A107B-8F77-433C-8E60-375465A85E49}.Debug_Linux|x86.Build.0 = Debug|Any CPU
		{8C4A107B-8F77-433C-8E60-375465A85E49}.Debug_NET2|Any CPU.ActiveCfg = Debug|Any CPU
		{8C4A107B-8F77-433C-8E60-375465A85E49}.Debug_NET2|Any CPU.Build.0 = Debug|Any CPU
		{8C4A107B-8F77-433C-8E60-375465A85E49}.Debug_NET2|Mixed Platforms.ActiveCfg = Debug|Any CPU
		{8C4A107B-8F77-433C-8E60-375465A85E49}.Debug_NET2|Mixed Platforms.Build.0 = Debug|Any CPU
		{8C4A107B-8F77-433C-8E60-375465A85E49}.Debug_NET2|Win32.ActiveCfg = Debug|Any CPU
		{8C4A107B-8F77-433C-8E60-375465A85E49}.Debug_NET2|Win32.Build.0 = Debug|Any CPU
		{8C4A107B-8F77-433C-8E60-375465A85E49}.Debug_NET2|x86.ActiveCfg = Debug|Any CPU
		{8C4A107B-8F77-433C-8E60-375465A85E49}.Debug_NET2|x86.Build.0 = Debug|Any CPU
		{8C4A107B-8F77-433C-8E60-375465A85E49}.Debug|Any CPU.ActiveCfg = Debug|Any CPU
		{8C4A107B-8F77-433C-8E60-375465A85E49}.Debug|Any CPU.Build.0 = Debug|Any CPU
		{8C4A107B-8F77-433C-8E60-375465A85E49}.Debug|Mixed Platforms.ActiveCfg = Debug|Any CPU
		{8C4A107B-8F77-433C-8E60-375465A85E49}.Debug|Mixed Platforms.Build.0 = Debug|Any CPU
		{8C4A107B-8F77-433C-8E60-375465A85E49}.Debug|Win32.ActiveCfg = Debug|Any CPU
		{8C4A107B-8F77-433C-8E60-375465A85E49}.Debug|Win32.Build.0 = Debug|Any CPU
		{8C4A107B-8F77-433C-8E60-375465A85E49}.Debug|x86.ActiveCfg = Debug|Any CPU
		{8C4A107B-8F77-433C-8E60-375465A85E49}.Debug|x86.Build.0 = Debug|Any CPU
		{8C4A107B-8F77-433C-8E60-375465A85E49}.Release_Linux|Any CPU.ActiveCfg = Release|Any CPU
		{8C4A107B-8F77-433C-8E60-375465A85E49}.Release_Linux|Any CPU.Build.0 = Release|Any CPU
		{8C4A107B-8F77-433C-8E60-375465A85E49}.Release_Linux|Mixed Platforms.ActiveCfg = Release|Any CPU
		{8C4A107B-8F77-433C-8E60-375465A85E49}.Release_Linux|Mixed Platforms.Build.0 = Release|Any CPU
		{8C4A107B-8F77-433C-8E60-375465A85E49}.Release_Linux|Win32.ActiveCfg = Release|Any CPU
		{8C4A107B-8F77-433C-8E60-375465A85E49}.Release_Linux|Win32.Build.0 = Release|Any CPU
		{8C4A107B-8F77-433C-8E60-375465A85E49}.Release_Linux|x86.ActiveCfg = Release|Any CPU
		{8C4A107B-8F77-433C-8E60-375465A85E49}.Release_Linux|x86.Build.0 = Release|Any CPU
		{8C4A107B-8F77-433C-8E60-375465A85E49}.Release_NET2|Any CPU.ActiveCfg = Release|Any CPU
		{8C4A107B-8F77-433C-8E60-375465A85E49}.Release_NET2|Any CPU.Build.0 = Release|Any CPU
		{8C4A107B-8F77-433C-8E60-375465A85E49}.Release_NET2|Mixed Platforms.ActiveCfg = Release|Any CPU
		{8C4A107B-8F77-433C-8E60-375465A85E49}.Release_NET2|Mixed Platforms.Build.0 = Release|Any CPU
		{8C4A107B-8F77-433C-8E60-375465A85E49}.Release_NET2|Win32.ActiveCfg = Release|Any CPU
		{8C4A107B-8F77-433C-8E60-375465A85E49}.Release_NET2|Win32.Build.0 = Release|Any CPU
		{8C4A107B-8F77-433C-8E60-375465A85E49}.Release_NET2|x86.ActiveCfg = Release|Any CPU
		{8C4A107B-8F77-433C-8E60-375465A85E49}.Release_NET2|x86.Build.0 = Release|Any CPU
		{8C4A107B-8F77-433C-8E60-375465A85E49}.Release|Any CPU.ActiveCfg = Release|Any CPU
		{8C4A107B-8F77-433C-8E60-375465A85E49}.Release|Any CPU.Build.0 = Release|Any CPU
		{8C4A107B-8F77-433C-8E60-375465A85E49}.Release|Mixed Platforms.ActiveCfg = Release|Any CPU
		{8C4A107B-8F77-433C-8E60-375465A85E49}.Release|Mixed Platforms.Build.0 = Release|Any CPU
		{8C4A107B-8F77-433C-8E60-375465A85E49}.Release|Win32.ActiveCfg = Release|Any CPU
		{8C4A107B-8F77-433C-8E60-375465A85E49}.Release|Win32.Build.0 = Release|Any CPU
		{8C4A107B-8F77-433C-8E60-375465A85E49}.Release|x86.ActiveCfg = Release|Any CPU
		{8C4A107B-8F77-433C-8E60-375465A85E49}.Release|x86.Build.0 = Release|Any CPU
	EndGlobalSection
	GlobalSection(SolutionProperties) = preSolution
		HideSolutionNode = FALSE
	EndGlobalSection
	GlobalSection(NestedProjects) = preSolution
		{02E7093C-889B-4897-B25C-ECAFA279AE78} = {5740E67E-96C4-452D-80EC-54B207B374C9}
		{646E4A12-2DE5-4574-B73E-AB6E6548921A} = {6DFDB228-E8C6-4EAA-98E7-6C73AF3C9010}
		{6DFDB228-E8C6-4EAA-98E7-6C73AF3C9010} = {7C354325-3C38-4B03-959C-5BDCBD09D50D}
		{5EAAE6DF-1DBF-4CD1-BCB4-C1CAB46F76AD} = {3A6833FB-2B12-4068-9FA7-3BDDA95C1127}
		{52567F12-7782-4699-8729-4F8FB1843AF3} = {5740E67E-96C4-452D-80EC-54B207B374C9}
		{6886E0ED-EBE8-4714-A1C8-8F01AC1F1DBC} = {5740E67E-96C4-452D-80EC-54B207B374C9}
		{D0EDB386-C812-4C0F-86D4-8C7FFC5218ED} = {3A6833FB-2B12-4068-9FA7-3BDDA95C1127}
		{D4F2CB25-D05F-44F0-AEAA-407BDD54325A} = {7C354325-3C38-4B03-959C-5BDCBD09D50D}
		{833EC12B-956D-427B-A598-2F12B84589EF} = {D4F2CB25-D05F-44F0-AEAA-407BDD54325A}
		{8C4A107B-8F77-433C-8E60-375465A85E49} = {3A6833FB-2B12-4068-9FA7-3BDDA95C1127}
	EndGlobalSection
	GlobalSection(TeamFoundationVersionControl) = preSolution
		SccNumberOfProjects = 10
		SccEnterpriseProvider = {4CA58AB2-18FA-4F8D-95D4-32DDF27D184C}
		SccTeamFoundationServer = https://isaasoft.visualstudio.com/defaultcollection
		SccLocalPath0 = .
		SccProjectUniqueName1 = Rules\\Rules.csproj
		SccProjectTopLevelParentUniqueName1 = Maverick.sln
		SccProjectName1 = Rules
		SccLocalPath1 = Rules
		SccProjectUniqueName2 = Helper.PhantomJS\\Helper.PhantomJS.csproj
		SccProjectTopLevelParentUniqueName2 = Maverick.sln
		SccProjectName2 = Helper.PhantomJS
		SccLocalPath2 = Helper.PhantomJS
		SccProjectUniqueName3 = Helper.ConsoleHelper\\Helper.ConsoleHelper.csproj
		SccProjectTopLevelParentUniqueName3 = Maverick.sln
		SccProjectName3 = Helper.ConsoleHelper
		SccLocalPath3 = Helper.ConsoleHelper
		SccProjectUniqueName4 = Suppliers.ShopifySharp\\Suppliers.ShopifySharp.csproj
		SccProjectTopLevelParentUniqueName4 = Maverick.sln
		SccProjectName4 = Suppliers.ShopifySharp
		SccLocalPath4 = Suppliers.ShopifySharp
		SccProjectUniqueName5 = Suppliers.Ali\\Suppliers.Ali.csproj
		SccProjectTopLevelParentUniqueName5 = Maverick.sln
		SccProjectName5 = Suppliers.Ali
		SccLocalPath5 = Suppliers.Ali
		SccProjectUniqueName6 = Rules.Ali.Model\\Rules.Ali.Model.csproj
		SccProjectTopLevelParentUniqueName6 = Maverick.sln
		SccProjectName6 = Rules.Ali.Model
		SccLocalPath6 = Rules.Ali.Model
		SccProjectUniqueName7 = Rules.Ali\\Rules.Ali.csproj
		SccProjectTopLevelParentUniqueName7 = Maverick.sln
		SccProjectName7 = Rules.Ali
		SccLocalPath7 = Rules.Ali
		SccProjectUniqueName8 = Suppliers.Ali.Automation\\Suppliers.Ali.Automation.csproj
		SccProjectTopLevelParentUniqueName8 = Maverick.sln
		SccProjectName8 = Suppliers.Ali.Automation
		SccLocalPath8 = Suppliers.Ali.Automation
		SccProjectUniqueName9 = Helper.Abbreviation\\Helper.Abbreviation.csproj
		SccProjectTopLevelParentUniqueName9 = Maverick.sln
		SccProjectName9 = Helper.Abbreviation
		SccLocalPath9 = Helper.Abbreviation
	EndGlobalSection
EndGlobal
